// !$*UTF8*$!
{
	archiveVersion = 1;
	classes = {
	};
	objectVersion = 56;
	objects = {

/* Begin PBXBuildFile section */
		7F9CC10F8C4BE921CF72EC69 /* Pods_Swipe_Match.framework in Frameworks */ = {isa = PBXBuildFile; fileRef = 6DFC280A2848F740F8AA81D1 /* Pods_Swipe_Match.framework */; };
		A20B975429D1EBA400D6F27B /* User.swift in Sources */ = {isa = PBXBuildFile; fileRef = A20B975329D1EBA400D6F27B /* User.swift */; };
		A21EE9F829CCF6080020A3AF /* Constants.swift in Sources */ = {isa = PBXBuildFile; fileRef = A21EE9F729CCF6080020A3AF /* Constants.swift */; };
		A21F83C029CEF26F003E0117 /* CardView.swift in Sources */ = {isa = PBXBuildFile; fileRef = A21F83BF29CEF26F003E0117 /* CardView.swift */; };
		A2582A8429CCD29A00DFA823 /* AppDelegate.swift in Sources */ = {isa = PBXBuildFile; fileRef = A2582A8329CCD29A00DFA823 /* AppDelegate.swift */; };
		A2582A8629CCD29A00DFA823 /* SceneDelegate.swift in Sources */ = {isa = PBXBuildFile; fileRef = A2582A8529CCD29A00DFA823 /* SceneDelegate.swift */; };
		A2582A8829CCD29A00DFA823 /* HomeViewController.swift in Sources */ = {isa = PBXBuildFile; fileRef = A2582A8729CCD29A00DFA823 /* HomeViewController.swift */; };
		A2582A8D29CCD29B00DFA823 /* Assets.xcassets in Resources */ = {isa = PBXBuildFile; fileRef = A2582A8C29CCD29B00DFA823 /* Assets.xcassets */; };
		A2582A9029CCD29B00DFA823 /* LaunchScreen.storyboard in Resources */ = {isa = PBXBuildFile; fileRef = A2582A8E29CCD29B00DFA823 /* LaunchScreen.storyboard */; };
		A262C88129E42C1D00AA077E /* SliderTableViewCell.swift in Sources */ = {isa = PBXBuildFile; fileRef = A262C88029E42C1D00AA077E /* SliderTableViewCell.swift */; };
		A26ACEB929E00FFB0056DF45 /* SettingsTableViewController.swift in Sources */ = {isa = PBXBuildFile; fileRef = A26ACEB829E00FFB0056DF45 /* SettingsTableViewController.swift */; };
		A26ACEC129E02D220056DF45 /* SettingsTableViewCell.swift in Sources */ = {isa = PBXBuildFile; fileRef = A26ACEC029E02D220056DF45 /* SettingsTableViewCell.swift */; };
		A28505BF29DAEDAF007E4E6A /* CustomButton.swift in Sources */ = {isa = PBXBuildFile; fileRef = A28505BE29DAEDAF007E4E6A /* CustomButton.swift */; };
		A28505C129DAEFBC007E4E6A /* RegisterSelectPhotoButton.swift in Sources */ = {isa = PBXBuildFile; fileRef = A28505C029DAEFBC007E4E6A /* RegisterSelectPhotoButton.swift */; };
		A28CBF7729CCD7A500E5E505 /* Extensions+UIView.swift in Sources */ = {isa = PBXBuildFile; fileRef = A28CBF7629CCD7A500E5E505 /* Extensions+UIView.swift */; };
		A28CBF7A29CCE0AD00E5E505 /* HomeBottomControlsStackView.swift in Sources */ = {isa = PBXBuildFile; fileRef = A28CBF7929CCE0AD00E5E505 /* HomeBottomControlsStackView.swift */; };
		A28CBF7C29CCEB6E00E5E505 /* TopNavigationStackView.swift in Sources */ = {isa = PBXBuildFile; fileRef = A28CBF7B29CCEB6E00E5E505 /* TopNavigationStackView.swift */; };
		A28E56A629D2D5AC00475BA3 /* CardViewModel.swift in Sources */ = {isa = PBXBuildFile; fileRef = A28E56A529D2D5AC00475BA3 /* CardViewModel.swift */; };
		A29193A329E83A03006664CF /* UserDetailsViewController.swift in Sources */ = {isa = PBXBuildFile; fileRef = A29193A229E83A03006664CF /* UserDetailsViewController.swift */; };
		A2982CCD29DAE68800352ED1 /* GoogleService-Info.plist in Resources */ = {isa = PBXBuildFile; fileRef = A2982CCC29DAE68800352ED1 /* GoogleService-Info.plist */; };
		A2A44C2529E950E6004E0F83 /* SwipingPhotosViewController.swift in Sources */ = {isa = PBXBuildFile; fileRef = A2A44C2429E950E6004E0F83 /* SwipingPhotosViewController.swift */; };
		A2CC8FE429D71D0800A62E03 /* RegistrationViewController.swift in Sources */ = {isa = PBXBuildFile; fileRef = A2CC8FE329D71D0800A62E03 /* RegistrationViewController.swift */; };
		A2CC8FE629D7246B00A62E03 /* CustomTextField.swift in Sources */ = {isa = PBXBuildFile; fileRef = A2CC8FE529D7246B00A62E03 /* CustomTextField.swift */; };
		A2D46EAD29E54041001631BB /* GoToButton.swift in Sources */ = {isa = PBXBuildFile; fileRef = A2D46EAC29E54041001631BB /* GoToButton.swift */; };
		A2D46EAF29E542ED001631BB /* LoginViewModel.swift in Sources */ = {isa = PBXBuildFile; fileRef = A2D46EAE29E542ED001631BB /* LoginViewModel.swift */; };
		A2D46EB129E5430F001631BB /* Bindable.swift in Sources */ = {isa = PBXBuildFile; fileRef = A2D46EB029E5430F001631BB /* Bindable.swift */; };
		A2D46EB329E5453F001631BB /* LoginViewController.swift in Sources */ = {isa = PBXBuildFile; fileRef = A2D46EB229E5453F001631BB /* LoginViewController.swift */; };
		A2ED1A8B29D31736008B244E /* Advertiser.swift in Sources */ = {isa = PBXBuildFile; fileRef = A2ED1A8A29D31736008B244E /* Advertiser.swift */; };
/* End PBXBuildFile section */

/* Begin PBXFileReference section */
		0C70FA5BB4543C7BA46DB243 /* Pods-Swipe&Match.debug.xcconfig */ = {isa = PBXFileReference; includeInIndex = 1; lastKnownFileType = text.xcconfig; name = "Pods-Swipe&Match.debug.xcconfig"; path = "Target Support Files/Pods-Swipe&Match/Pods-Swipe&Match.debug.xcconfig"; sourceTree = "<group>"; };
		6DFC280A2848F740F8AA81D1 /* Pods_Swipe_Match.framework */ = {isa = PBXFileReference; explicitFileType = wrapper.framework; includeInIndex = 0; path = Pods_Swipe_Match.framework; sourceTree = BUILT_PRODUCTS_DIR; };
		A20B975329D1EBA400D6F27B /* User.swift */ = {isa = PBXFileReference; lastKnownFileType = sourcecode.swift; path = User.swift; sourceTree = "<group>"; };
		A21EE9F729CCF6080020A3AF /* Constants.swift */ = {isa = PBXFileReference; lastKnownFileType = sourcecode.swift; path = Constants.swift; sourceTree = "<group>"; };
		A21F83BF29CEF26F003E0117 /* CardView.swift */ = {isa = PBXFileReference; lastKnownFileType = sourcecode.swift; path = CardView.swift; sourceTree = "<group>"; };
		A2582A8029CCD29A00DFA823 /* Swipe&Match.app */ = {isa = PBXFileReference; explicitFileType = wrapper.application; includeInIndex = 0; path = "Swipe&Match.app"; sourceTree = BUILT_PRODUCTS_DIR; };
		A2582A8329CCD29A00DFA823 /* AppDelegate.swift */ = {isa = PBXFileReference; lastKnownFileType = sourcecode.swift; path = AppDelegate.swift; sourceTree = "<group>"; };
		A2582A8529CCD29A00DFA823 /* SceneDelegate.swift */ = {isa = PBXFileReference; lastKnownFileType = sourcecode.swift; path = SceneDelegate.swift; sourceTree = "<group>"; };
		A2582A8729CCD29A00DFA823 /* HomeViewController.swift */ = {isa = PBXFileReference; lastKnownFileType = sourcecode.swift; path = HomeViewController.swift; sourceTree = "<group>"; };
		A2582A8C29CCD29B00DFA823 /* Assets.xcassets */ = {isa = PBXFileReference; lastKnownFileType = folder.assetcatalog; path = Assets.xcassets; sourceTree = "<group>"; };
		A2582A8F29CCD29B00DFA823 /* Base */ = {isa = PBXFileReference; lastKnownFileType = file.storyboard; name = Base; path = Base.lproj/LaunchScreen.storyboard; sourceTree = "<group>"; };
		A2582A9129CCD29B00DFA823 /* Info.plist */ = {isa = PBXFileReference; lastKnownFileType = text.plist.xml; path = Info.plist; sourceTree = "<group>"; };
		A262C88029E42C1D00AA077E /* SliderTableViewCell.swift */ = {isa = PBXFileReference; lastKnownFileType = sourcecode.swift; path = SliderTableViewCell.swift; sourceTree = "<group>"; };
		A26ACEB829E00FFB0056DF45 /* SettingsTableViewController.swift */ = {isa = PBXFileReference; lastKnownFileType = sourcecode.swift; path = SettingsTableViewController.swift; sourceTree = "<group>"; };
		A26ACEC029E02D220056DF45 /* SettingsTableViewCell.swift */ = {isa = PBXFileReference; lastKnownFileType = sourcecode.swift; path = SettingsTableViewCell.swift; sourceTree = "<group>"; };
		A28505BE29DAEDAF007E4E6A /* CustomButton.swift */ = {isa = PBXFileReference; lastKnownFileType = sourcecode.swift; path = CustomButton.swift; sourceTree = "<group>"; };
		A28505C029DAEFBC007E4E6A /* RegisterSelectPhotoButton.swift */ = {isa = PBXFileReference; lastKnownFileType = sourcecode.swift; path = RegisterSelectPhotoButton.swift; sourceTree = "<group>"; };
		A28CBF7629CCD7A500E5E505 /* Extensions+UIView.swift */ = {isa = PBXFileReference; fileEncoding = 4; lastKnownFileType = sourcecode.swift; path = "Extensions+UIView.swift"; sourceTree = "<group>"; };
		A28CBF7929CCE0AD00E5E505 /* HomeBottomControlsStackView.swift */ = {isa = PBXFileReference; lastKnownFileType = sourcecode.swift; path = HomeBottomControlsStackView.swift; sourceTree = "<group>"; };
		A28CBF7B29CCEB6E00E5E505 /* TopNavigationStackView.swift */ = {isa = PBXFileReference; lastKnownFileType = sourcecode.swift; path = TopNavigationStackView.swift; sourceTree = "<group>"; };
		A28E56A529D2D5AC00475BA3 /* CardViewModel.swift */ = {isa = PBXFileReference; lastKnownFileType = sourcecode.swift; path = CardViewModel.swift; sourceTree = "<group>"; };
		A29193A229E83A03006664CF /* UserDetailsViewController.swift */ = {isa = PBXFileReference; lastKnownFileType = sourcecode.swift; path = UserDetailsViewController.swift; sourceTree = "<group>"; };
		A2982CCC29DAE68800352ED1 /* GoogleService-Info.plist */ = {isa = PBXFileReference; fileEncoding = 4; lastKnownFileType = text.plist.xml; path = "GoogleService-Info.plist"; sourceTree = "<group>"; };
		A2A44C2429E950E6004E0F83 /* SwipingPhotosViewController.swift */ = {isa = PBXFileReference; lastKnownFileType = sourcecode.swift; path = SwipingPhotosViewController.swift; sourceTree = "<group>"; };
		A2CC8FE329D71D0800A62E03 /* RegistrationViewController.swift */ = {isa = PBXFileReference; lastKnownFileType = sourcecode.swift; path = RegistrationViewController.swift; sourceTree = "<group>"; };
		A2CC8FE529D7246B00A62E03 /* CustomTextField.swift */ = {isa = PBXFileReference; lastKnownFileType = sourcecode.swift; path = CustomTextField.swift; sourceTree = "<group>"; };
		A2D46EAC29E54041001631BB /* GoToButton.swift */ = {isa = PBXFileReference; lastKnownFileType = sourcecode.swift; path = GoToButton.swift; sourceTree = "<group>"; };
		A2D46EAE29E542ED001631BB /* LoginViewModel.swift */ = {isa = PBXFileReference; lastKnownFileType = sourcecode.swift; path = LoginViewModel.swift; sourceTree = "<group>"; };
		A2D46EB029E5430F001631BB /* Bindable.swift */ = {isa = PBXFileReference; lastKnownFileType = sourcecode.swift; path = Bindable.swift; sourceTree = "<group>"; };
		A2D46EB229E5453F001631BB /* LoginViewController.swift */ = {isa = PBXFileReference; lastKnownFileType = sourcecode.swift; path = LoginViewController.swift; sourceTree = "<group>"; };
		A2ED1A8A29D31736008B244E /* Advertiser.swift */ = {isa = PBXFileReference; lastKnownFileType = sourcecode.swift; path = Advertiser.swift; sourceTree = "<group>"; };
		BFECDFFFFB5433385F95D4B2 /* Pods-Swipe&Match.release.xcconfig */ = {isa = PBXFileReference; includeInIndex = 1; lastKnownFileType = text.xcconfig; name = "Pods-Swipe&Match.release.xcconfig"; path = "Target Support Files/Pods-Swipe&Match/Pods-Swipe&Match.release.xcconfig"; sourceTree = "<group>"; };
/* End PBXFileReference section */

/* Begin PBXFrameworksBuildPhase section */
		A2582A7D29CCD29A00DFA823 /* Frameworks */ = {
			isa = PBXFrameworksBuildPhase;
			buildActionMask = 2147483647;
			files = (
				7F9CC10F8C4BE921CF72EC69 /* Pods_Swipe_Match.framework in Frameworks */,
			);
			runOnlyForDeploymentPostprocessing = 0;
		};
/* End PBXFrameworksBuildPhase section */

/* Begin PBXGroup section */
		5C24057ED3F3BD8FF8EDD2D1 /* Frameworks */ = {
			isa = PBXGroup;
			children = (
				6DFC280A2848F740F8AA81D1 /* Pods_Swipe_Match.framework */,
			);
			name = Frameworks;
			sourceTree = "<group>";
		};
		A20B975229D1EB9700D6F27B /* Model */ = {
			isa = PBXGroup;
			children = (
				A20B975329D1EBA400D6F27B /* User.swift */,
				A2ED1A8A29D31736008B244E /* Advertiser.swift */,
			);
			path = Model;
			sourceTree = "<group>";
		};
		A21EE9F529CCF5E80020A3AF /* Support */ = {
			isa = PBXGroup;
			children = (
				A2582A8C29CCD29B00DFA823 /* Assets.xcassets */,
				A2582A8329CCD29A00DFA823 /* AppDelegate.swift */,
				A2582A8529CCD29A00DFA823 /* SceneDelegate.swift */,
				A2582A8E29CCD29B00DFA823 /* LaunchScreen.storyboard */,
			);
			path = Support;
			sourceTree = "<group>";
		};
		A21EE9F629CCF5FB0020A3AF /* Utilities */ = {
			isa = PBXGroup;
			children = (
				A21EE9F729CCF6080020A3AF /* Constants.swift */,
			);
			path = Utilities;
			sourceTree = "<group>";
		};
		A2582A7729CCD29A00DFA823 = {
			isa = PBXGroup;
			children = (
				A2582A8229CCD29A00DFA823 /* Swipe&Match */,
				A2582A8129CCD29A00DFA823 /* Products */,
				EEBEA34C1F875F7AA5A4F595 /* Pods */,
				5C24057ED3F3BD8FF8EDD2D1 /* Frameworks */,
			);
			sourceTree = "<group>";
		};
		A2582A8129CCD29A00DFA823 /* Products */ = {
			isa = PBXGroup;
			children = (
				A2582A8029CCD29A00DFA823 /* Swipe&Match.app */,
			);
			name = Products;
			sourceTree = "<group>";
		};
		A2582A8229CCD29A00DFA823 /* Swipe&Match */ = {
			isa = PBXGroup;
			children = (
				A28E56A429D2D5A000475BA3 /* ViewModels */,
				A28E56A329D2D46C00475BA3 /* Controllers */,
				A20B975229D1EB9700D6F27B /* Model */,
				A21EE9F629CCF5FB0020A3AF /* Utilities */,
				A21EE9F529CCF5E80020A3AF /* Support */,
				A28CBF7829CCE07600E5E505 /* Views */,
				A28CBF7529CCD70F00E5E505 /* Extensions */,
				A2582A9129CCD29B00DFA823 /* Info.plist */,
				A2982CCC29DAE68800352ED1 /* GoogleService-Info.plist */,
			);
			path = "Swipe&Match";
			sourceTree = "<group>";
		};
		A26ACEBE29E02CFF0056DF45 /* StackViews */ = {
			isa = PBXGroup;
			children = (
				A28CBF7929CCE0AD00E5E505 /* HomeBottomControlsStackView.swift */,
				A28CBF7B29CCEB6E00E5E505 /* TopNavigationStackView.swift */,
			);
			path = StackViews;
			sourceTree = "<group>";
		};
		A26ACEBF29E02D0C0056DF45 /* Cells */ = {
			isa = PBXGroup;
			children = (
				A26ACEC029E02D220056DF45 /* SettingsTableViewCell.swift */,
				A262C88029E42C1D00AA077E /* SliderTableViewCell.swift */,
			);
			path = Cells;
			sourceTree = "<group>";
		};
		A28505BC29DAED8C007E4E6A /* TextFields */ = {
			isa = PBXGroup;
			children = (
				A2CC8FE529D7246B00A62E03 /* CustomTextField.swift */,
			);
			path = TextFields;
			sourceTree = "<group>";
		};
		A28505BD29DAED95007E4E6A /* Buttons */ = {
			isa = PBXGroup;
			children = (
				A28505BE29DAEDAF007E4E6A /* CustomButton.swift */,
				A28505C029DAEFBC007E4E6A /* RegisterSelectPhotoButton.swift */,
				A2D46EAC29E54041001631BB /* GoToButton.swift */,
			);
			path = Buttons;
			sourceTree = "<group>";
		};
		A28CBF7529CCD70F00E5E505 /* Extensions */ = {
			isa = PBXGroup;
			children = (
				A28CBF7629CCD7A500E5E505 /* Extensions+UIView.swift */,
			);
			path = Extensions;
			sourceTree = "<group>";
		};
		A28CBF7829CCE07600E5E505 /* Views */ = {
			isa = PBXGroup;
			children = (
				A26ACEBF29E02D0C0056DF45 /* Cells */,
				A26ACEBE29E02CFF0056DF45 /* StackViews */,
				A2CC8FE729D7260A00A62E03 /* CustomViews */,
				A21F83BF29CEF26F003E0117 /* CardView.swift */,
			);
			path = Views;
			sourceTree = "<group>";
		};
		A28E56A329D2D46C00475BA3 /* Controllers */ = {
			isa = PBXGroup;
			children = (
				A2A44C2329E9509B004E0F83 /* UserDetails */,
				A2582A8729CCD29A00DFA823 /* HomeViewController.swift */,
				A2CC8FE329D71D0800A62E03 /* RegistrationViewController.swift */,
				A26ACEB829E00FFB0056DF45 /* SettingsTableViewController.swift */,
				A2D46EB229E5453F001631BB /* LoginViewController.swift */,
			);
			path = Controllers;
			sourceTree = "<group>";
		};
		A28E56A429D2D5A000475BA3 /* ViewModels */ = {
			isa = PBXGroup;
			children = (
				A28E56A529D2D5AC00475BA3 /* CardViewModel.swift */,
				A2D46EAE29E542ED001631BB /* LoginViewModel.swift */,
				A2D46EB029E5430F001631BB /* Bindable.swift */,
			);
			path = ViewModels;
			sourceTree = "<group>";
		};
		A2A44C2329E9509B004E0F83 /* UserDetails */ = {
			isa = PBXGroup;
			children = (
				A29193A229E83A03006664CF /* UserDetailsViewController.swift */,
				A2A44C2429E950E6004E0F83 /* SwipingPhotosViewController.swift */,
			);
			path = UserDetails;
			sourceTree = "<group>";
		};
		A2CC8FE729D7260A00A62E03 /* CustomViews */ = {
			isa = PBXGroup;
			children = (
				A28505BD29DAED95007E4E6A /* Buttons */,
				A28505BC29DAED8C007E4E6A /* TextFields */,
			);
			path = CustomViews;
			sourceTree = "<group>";
		};
		EEBEA34C1F875F7AA5A4F595 /* Pods */ = {
			isa = PBXGroup;
			children = (
				0C70FA5BB4543C7BA46DB243 /* Pods-Swipe&Match.debug.xcconfig */,
				BFECDFFFFB5433385F95D4B2 /* Pods-Swipe&Match.release.xcconfig */,
			);
			path = Pods;
			sourceTree = "<group>";
		};
/* End PBXGroup section */

/* Begin PBXNativeTarget section */
		A2582A7F29CCD29A00DFA823 /* Swipe&Match */ = {
			isa = PBXNativeTarget;
			buildConfigurationList = A2582A9429CCD29B00DFA823 /* Build configuration list for PBXNativeTarget "Swipe&Match" */;
			buildPhases = (
				D995DD8C1563C45D0A21602D /* [CP] Check Pods Manifest.lock */,
				A2582A7C29CCD29A00DFA823 /* Sources */,
				A2582A7D29CCD29A00DFA823 /* Frameworks */,
				A2582A7E29CCD29A00DFA823 /* Resources */,
				7A164D60BEB1465C6C6FAF54 /* [CP] Embed Pods Frameworks */,
			);
			buildRules = (
			);
			dependencies = (
			);
			name = "Swipe&Match";
			productName = "Swipe&Match";
			productReference = A2582A8029CCD29A00DFA823 /* Swipe&Match.app */;
			productType = "com.apple.product-type.application";
		};
/* End PBXNativeTarget section */

/* Begin PBXProject section */
		A2582A7829CCD29A00DFA823 /* Project object */ = {
			isa = PBXProject;
			attributes = {
				BuildIndependentTargetsInParallel = 1;
				LastSwiftUpdateCheck = 1420;
				LastUpgradeCheck = 1420;
				TargetAttributes = {
					A2582A7F29CCD29A00DFA823 = {
						CreatedOnToolsVersion = 14.2;
					};
				};
			};
			buildConfigurationList = A2582A7B29CCD29A00DFA823 /* Build configuration list for PBXProject "Swipe&Match" */;
			compatibilityVersion = "Xcode 14.0";
			developmentRegion = en;
			hasScannedForEncodings = 0;
			knownRegions = (
				en,
				Base,
			);
			mainGroup = A2582A7729CCD29A00DFA823;
			productRefGroup = A2582A8129CCD29A00DFA823 /* Products */;
			projectDirPath = "";
			projectRoot = "";
			targets = (
				A2582A7F29CCD29A00DFA823 /* Swipe&Match */,
			);
		};
/* End PBXProject section */

/* Begin PBXResourcesBuildPhase section */
		A2582A7E29CCD29A00DFA823 /* Resources */ = {
			isa = PBXResourcesBuildPhase;
			buildActionMask = 2147483647;
			files = (
				A2582A9029CCD29B00DFA823 /* LaunchScreen.storyboard in Resources */,
				A2582A8D29CCD29B00DFA823 /* Assets.xcassets in Resources */,
				A2982CCD29DAE68800352ED1 /* GoogleService-Info.plist in Resources */,
			);
			runOnlyForDeploymentPostprocessing = 0;
		};
/* End PBXResourcesBuildPhase section */

/* Begin PBXShellScriptBuildPhase section */
		7A164D60BEB1465C6C6FAF54 /* [CP] Embed Pods Frameworks */ = {
			isa = PBXShellScriptBuildPhase;
			buildActionMask = 2147483647;
			files = (
			);
			inputFileListPaths = (
				"${PODS_ROOT}/Target Support Files/Pods-Swipe&Match/Pods-Swipe&Match-frameworks-${CONFIGURATION}-input-files.xcfilelist",
			);
			name = "[CP] Embed Pods Frameworks";
			outputFileListPaths = (
				"${PODS_ROOT}/Target Support Files/Pods-Swipe&Match/Pods-Swipe&Match-frameworks-${CONFIGURATION}-output-files.xcfilelist",
			);
			runOnlyForDeploymentPostprocessing = 0;
			shellPath = /bin/sh;
			shellScript = "\"${PODS_ROOT}/Target Support Files/Pods-Swipe&Match/Pods-Swipe&Match-frameworks.sh\"\n";
			showEnvVarsInLog = 0;
		};
		D995DD8C1563C45D0A21602D /* [CP] Check Pods Manifest.lock */ = {
			isa = PBXShellScriptBuildPhase;
			buildActionMask = 2147483647;
			files = (
			);
			inputFileListPaths = (
			);
			inputPaths = (
				"${PODS_PODFILE_DIR_PATH}/Podfile.lock",
				"${PODS_ROOT}/Manifest.lock",
			);
			name = "[CP] Check Pods Manifest.lock";
			outputFileListPaths = (
			);
			outputPaths = (
				"$(DERIVED_FILE_DIR)/Pods-Swipe&Match-checkManifestLockResult.txt",
			);
			runOnlyForDeploymentPostprocessing = 0;
			shellPath = /bin/sh;
			shellScript = "diff \"${PODS_PODFILE_DIR_PATH}/Podfile.lock\" \"${PODS_ROOT}/Manifest.lock\" > /dev/null\nif [ $? != 0 ] ; then\n    # print error to STDERR\n    echo \"error: The sandbox is not in sync with the Podfile.lock. Run 'pod install' or update your CocoaPods installation.\" >&2\n    exit 1\nfi\n# This output is used by Xcode 'outputs' to avoid re-running this script phase.\necho \"SUCCESS\" > \"${SCRIPT_OUTPUT_FILE_0}\"\n";
			showEnvVarsInLog = 0;
		};
/* End PBXShellScriptBuildPhase section */

/* Begin PBXSourcesBuildPhase section */
		A2582A7C29CCD29A00DFA823 /* Sources */ = {
			isa = PBXSourcesBuildPhase;
			buildActionMask = 2147483647;
			files = (
				A2CC8FE629D7246B00A62E03 /* CustomTextField.swift in Sources */,
				A2582A8829CCD29A00DFA823 /* HomeViewController.swift in Sources */,
				A2582A8429CCD29A00DFA823 /* AppDelegate.swift in Sources */,
				A28CBF7A29CCE0AD00E5E505 /* HomeBottomControlsStackView.swift in Sources */,
				A262C88129E42C1D00AA077E /* SliderTableViewCell.swift in Sources */,
				A28CBF7C29CCEB6E00E5E505 /* TopNavigationStackView.swift in Sources */,
				A28E56A629D2D5AC00475BA3 /* CardViewModel.swift in Sources */,
				A21EE9F829CCF6080020A3AF /* Constants.swift in Sources */,
				A2D46EB129E5430F001631BB /* Bindable.swift in Sources */,
				A2D46EAF29E542ED001631BB /* LoginViewModel.swift in Sources */,
				A2D46EB329E5453F001631BB /* LoginViewController.swift in Sources */,
				A2A44C2529E950E6004E0F83 /* SwipingPhotosViewController.swift in Sources */,
				A2CC8FE429D71D0800A62E03 /* RegistrationViewController.swift in Sources */,
				A29193A329E83A03006664CF /* UserDetailsViewController.swift in Sources */,
				A20B975429D1EBA400D6F27B /* User.swift in Sources */,
				A28505C129DAEFBC007E4E6A /* RegisterSelectPhotoButton.swift in Sources */,
				A28CBF7729CCD7A500E5E505 /* Extensions+UIView.swift in Sources */,
				A26ACEC129E02D220056DF45 /* SettingsTableViewCell.swift in Sources */,
				A2D46EAD29E54041001631BB /* GoToButton.swift in Sources */,
				A28505BF29DAEDAF007E4E6A /* CustomButton.swift in Sources */,
				A26ACEB929E00FFB0056DF45 /* SettingsTableViewController.swift in Sources */,
				A2ED1A8B29D31736008B244E /* Advertiser.swift in Sources */,
				A21F83C029CEF26F003E0117 /* CardView.swift in Sources */,
				A2582A8629CCD29A00DFA823 /* SceneDelegate.swift in Sources */,
			);
			runOnlyForDeploymentPostprocessing = 0;
		};
/* End PBXSourcesBuildPhase section */

/* Begin PBXVariantGroup section */
		A2582A8E29CCD29B00DFA823 /* LaunchScreen.storyboard */ = {
			isa = PBXVariantGroup;
			children = (
				A2582A8F29CCD29B00DFA823 /* Base */,
			);
			name = LaunchScreen.storyboard;
			sourceTree = "<group>";
		};
/* End PBXVariantGroup section */

/* Begin XCBuildConfiguration section */
		A2582A9229CCD29B00DFA823 /* Debug */ = {
			isa = XCBuildConfiguration;
			buildSettings = {
				ALWAYS_SEARCH_USER_PATHS = NO;
				CLANG_ANALYZER_NONNULL = YES;
				CLANG_ANALYZER_NUMBER_OBJECT_CONVERSION = YES_AGGRESSIVE;
				CLANG_CXX_LANGUAGE_STANDARD = "gnu++20";
				CLANG_ENABLE_MODULES = YES;
				CLANG_ENABLE_OBJC_ARC = YES;
				CLANG_ENABLE_OBJC_WEAK = YES;
				CLANG_WARN_BLOCK_CAPTURE_AUTORELEASING = YES;
				CLANG_WARN_BOOL_CONVERSION = YES;
				CLANG_WARN_COMMA = YES;
				CLANG_WARN_CONSTANT_CONVERSION = YES;
				CLANG_WARN_DEPRECATED_OBJC_IMPLEMENTATIONS = YES;
				CLANG_WARN_DIRECT_OBJC_ISA_USAGE = YES_ERROR;
				CLANG_WARN_DOCUMENTATION_COMMENTS = YES;
				CLANG_WARN_EMPTY_BODY = YES;
				CLANG_WARN_ENUM_CONVERSION = YES;
				CLANG_WARN_INFINITE_RECURSION = YES;
				CLANG_WARN_INT_CONVERSION = YES;
				CLANG_WARN_NON_LITERAL_NULL_CONVERSION = YES;
				CLANG_WARN_OBJC_IMPLICIT_RETAIN_SELF = YES;
				CLANG_WARN_OBJC_LITERAL_CONVERSION = YES;
				CLANG_WARN_OBJC_ROOT_CLASS = YES_ERROR;
				CLANG_WARN_QUOTED_INCLUDE_IN_FRAMEWORK_HEADER = YES;
				CLANG_WARN_RANGE_LOOP_ANALYSIS = YES;
				CLANG_WARN_STRICT_PROTOTYPES = YES;
				CLANG_WARN_SUSPICIOUS_MOVE = YES;
				CLANG_WARN_UNGUARDED_AVAILABILITY = YES_AGGRESSIVE;
				CLANG_WARN_UNREACHABLE_CODE = YES;
				CLANG_WARN__DUPLICATE_METHOD_MATCH = YES;
				COPY_PHASE_STRIP = NO;
				DEBUG_INFORMATION_FORMAT = dwarf;
				ENABLE_STRICT_OBJC_MSGSEND = YES;
				ENABLE_TESTABILITY = YES;
				GCC_C_LANGUAGE_STANDARD = gnu11;
				GCC_DYNAMIC_NO_PIC = NO;
				GCC_NO_COMMON_BLOCKS = YES;
				GCC_OPTIMIZATION_LEVEL = 0;
				GCC_PREPROCESSOR_DEFINITIONS = (
					"DEBUG=1",
					"$(inherited)",
				);
				GCC_WARN_64_TO_32_BIT_CONVERSION = YES;
				GCC_WARN_ABOUT_RETURN_TYPE = YES_ERROR;
				GCC_WARN_UNDECLARED_SELECTOR = YES;
				GCC_WARN_UNINITIALIZED_AUTOS = YES_AGGRESSIVE;
				GCC_WARN_UNUSED_FUNCTION = YES;
				GCC_WARN_UNUSED_VARIABLE = YES;
				IPHONEOS_DEPLOYMENT_TARGET = 16.2;
				MTL_ENABLE_DEBUG_INFO = INCLUDE_SOURCE;
				MTL_FAST_MATH = YES;
				ONLY_ACTIVE_ARCH = YES;
				SDKROOT = iphoneos;
				SWIFT_ACTIVE_COMPILATION_CONDITIONS = DEBUG;
				SWIFT_OPTIMIZATION_LEVEL = "-Onone";
			};
			name = Debug;
		};
		A2582A9329CCD29B00DFA823 /* Release */ = {
			isa = XCBuildConfiguration;
			buildSettings = {
				ALWAYS_SEARCH_USER_PATHS = NO;
				CLANG_ANALYZER_NONNULL = YES;
				CLANG_ANALYZER_NUMBER_OBJECT_CONVERSION = YES_AGGRESSIVE;
				CLANG_CXX_LANGUAGE_STANDARD = "gnu++20";
				CLANG_ENABLE_MODULES = YES;
				CLANG_ENABLE_OBJC_ARC = YES;
				CLANG_ENABLE_OBJC_WEAK = YES;
				CLANG_WARN_BLOCK_CAPTURE_AUTORELEASING = YES;
				CLANG_WARN_BOOL_CONVERSION = YES;
				CLANG_WARN_COMMA = YES;
				CLANG_WARN_CONSTANT_CONVERSION = YES;
				CLANG_WARN_DEPRECATED_OBJC_IMPLEMENTATIONS = YES;
				CLANG_WARN_DIRECT_OBJC_ISA_USAGE = YES_ERROR;
				CLANG_WARN_DOCUMENTATION_COMMENTS = YES;
				CLANG_WARN_EMPTY_BODY = YES;
				CLANG_WARN_ENUM_CONVERSION = YES;
				CLANG_WARN_INFINITE_RECURSION = YES;
				CLANG_WARN_INT_CONVERSION = YES;
				CLANG_WARN_NON_LITERAL_NULL_CONVERSION = YES;
				CLANG_WARN_OBJC_IMPLICIT_RETAIN_SELF = YES;
				CLANG_WARN_OBJC_LITERAL_CONVERSION = YES;
				CLANG_WARN_OBJC_ROOT_CLASS = YES_ERROR;
				CLANG_WARN_QUOTED_INCLUDE_IN_FRAMEWORK_HEADER = YES;
				CLANG_WARN_RANGE_LOOP_ANALYSIS = YES;
				CLANG_WARN_STRICT_PROTOTYPES = YES;
				CLANG_WARN_SUSPICIOUS_MOVE = YES;
				CLANG_WARN_UNGUARDED_AVAILABILITY = YES_AGGRESSIVE;
				CLANG_WARN_UNREACHABLE_CODE = YES;
				CLANG_WARN__DUPLICATE_METHOD_MATCH = YES;
				COPY_PHASE_STRIP = NO;
				DEBUG_INFORMATION_FORMAT = "dwarf-with-dsym";
				ENABLE_NS_ASSERTIONS = NO;
				ENABLE_STRICT_OBJC_MSGSEND = YES;
				GCC_C_LANGUAGE_STANDARD = gnu11;
				GCC_NO_COMMON_BLOCKS = YES;
				GCC_WARN_64_TO_32_BIT_CONVERSION = YES;
				GCC_WARN_ABOUT_RETURN_TYPE = YES_ERROR;
				GCC_WARN_UNDECLARED_SELECTOR = YES;
				GCC_WARN_UNINITIALIZED_AUTOS = YES_AGGRESSIVE;
				GCC_WARN_UNUSED_FUNCTION = YES;
				GCC_WARN_UNUSED_VARIABLE = YES;
				IPHONEOS_DEPLOYMENT_TARGET = 16.2;
				MTL_ENABLE_DEBUG_INFO = NO;
				MTL_FAST_MATH = YES;
				SDKROOT = iphoneos;
				SWIFT_COMPILATION_MODE = wholemodule;
				SWIFT_OPTIMIZATION_LEVEL = "-O";
				VALIDATE_PRODUCT = YES;
			};
			name = Release;
		};
		A2582A9529CCD29B00DFA823 /* Debug */ = {
			isa = XCBuildConfiguration;
			baseConfigurationReference = 0C70FA5BB4543C7BA46DB243 /* Pods-Swipe&Match.debug.xcconfig */;
			buildSettings = {
				ASSETCATALOG_COMPILER_APPICON_NAME = AppIcon;
				ASSETCATALOG_COMPILER_GLOBAL_ACCENT_COLOR_NAME = AccentColor;
				CODE_SIGN_STYLE = Automatic;
				CURRENT_PROJECT_VERSION = 1;
				DEVELOPMENT_TEAM = 79CS75S5DL;
				GENERATE_INFOPLIST_FILE = YES;
				INFOPLIST_FILE = "Swipe&Match/Info.plist";
				INFOPLIST_KEY_UIApplicationSupportsIndirectInputEvents = YES;
				INFOPLIST_KEY_UILaunchStoryboardName = LaunchScreen;
				INFOPLIST_KEY_UIMainStoryboardFile = "";
				INFOPLIST_KEY_UISupportedInterfaceOrientations = "UIInterfaceOrientationLandscapeRight UIInterfaceOrientationPortrait";
				INFOPLIST_KEY_UISupportedInterfaceOrientations_iPad = "UIInterfaceOrientationLandscapeLeft UIInterfaceOrientationLandscapeRight UIInterfaceOrientationPortrait UIInterfaceOrientationPortraitUpsideDown";
				IPHONEOS_DEPLOYMENT_TARGET = 13.0;
				LD_RUNPATH_SEARCH_PATHS = (
					"$(inherited)",
					"@executable_path/Frameworks",
				);
				MARKETING_VERSION = 1.0;
				PRODUCT_BUNDLE_IDENTIFIER = "com.celilcagataygedik.Swipe-Match";
				PRODUCT_NAME = "$(TARGET_NAME)";
				SUPPORTED_PLATFORMS = "iphoneos iphonesimulator";
				SUPPORTS_MACCATALYST = NO;
				SUPPORTS_MAC_DESIGNED_FOR_IPHONE_IPAD = NO;
				SWIFT_EMIT_LOC_STRINGS = YES;
				SWIFT_VERSION = 5.0;
				TARGETED_DEVICE_FAMILY = 1;
			};
			name = Debug;
		};
		A2582A9629CCD29B00DFA823 /* Release */ = {
			isa = XCBuildConfiguration;
			baseConfigurationReference = BFECDFFFFB5433385F95D4B2 /* Pods-Swipe&Match.release.xcconfig */;
			buildSettings = {
				ASSETCATALOG_COMPILER_APPICON_NAME = AppIcon;
				ASSETCATALOG_COMPILER_GLOBAL_ACCENT_COLOR_NAME = AccentColor;
				CODE_SIGN_STYLE = Automatic;
				CURRENT_PROJECT_VERSION = 1;
				DEVELOPMENT_TEAM = 79CS75S5DL;
				GENERATE_INFOPLIST_FILE = YES;
				INFOPLIST_FILE = "Swipe&Match/Info.plist";
				INFOPLIST_KEY_UIApplicationSupportsIndirectInputEvents = YES;
				INFOPLIST_KEY_UILaunchStoryboardName = LaunchScreen;
				INFOPLIST_KEY_UIMainStoryboardFile = "";
				INFOPLIST_KEY_UISupportedInterfaceOrientations = "UIInterfaceOrientationLandscapeRight UIInterfaceOrientationPortrait";
				INFOPLIST_KEY_UISupportedInterfaceOrientations_iPad = "UIInterfaceOrientationLandscapeLeft UIInterfaceOrientationLandscapeRight UIInterfaceOrientationPortrait UIInterfaceOrientationPortraitUpsideDown";
				IPHONEOS_DEPLOYMENT_TARGET = 13.0;
				LD_RUNPATH_SEARCH_PATHS = (
					"$(inherited)",
					"@executable_path/Frameworks",
				);
				MARKETING_VERSION = 1.0;
				PRODUCT_BUNDLE_IDENTIFIER = "com.celilcagataygedik.Swipe-Match";
				PRODUCT_NAME = "$(TARGET_NAME)";
				SUPPORTED_PLATFORMS = "iphoneos iphonesimulator";
				SUPPORTS_MACCATALYST = NO;
				SUPPORTS_MAC_DESIGNED_FOR_IPHONE_IPAD = NO;
				SWIFT_EMIT_LOC_STRINGS = YES;
				SWIFT_VERSION = 5.0;
				TARGETED_DEVICE_FAMILY = 1;
			};
			name = Release;
		};
/* End XCBuildConfiguration section */

/* Begin XCConfigurationList section */
		A2582A7B29CCD29A00DFA823 /* Build configuration list for PBXProject "Swipe&Match" */ = {
			isa = XCConfigurationList;
			buildConfigurations = (
				A2582A9229CCD29B00DFA823 /* Debug */,
				A2582A9329CCD29B00DFA823 /* Release */,
			);
			defaultConfigurationIsVisible = 0;
			defaultConfigurationName = Release;
		};
		A2582A9429CCD29B00DFA823 /* Build configuration list for PBXNativeTarget "Swipe&Match" */ = {
			isa = XCConfigurationList;
			buildConfigurations = (
				A2582A9529CCD29B00DFA823 /* Debug */,
				A2582A9629CCD29B00DFA823 /* Release */,
			);
			defaultConfigurationIsVisible = 0;
			defaultConfigurationName = Release;
		};
/* End XCConfigurationList section */
	};
	rootObject = A2582A7829CCD29A00DFA823 /* Project object */;
}
