// !$*UTF8*$!
{
	archiveVersion = 1;
	classes = {
	};
	objectVersion = 56;
	objects = {

/* Begin PBXBuildFile section */
		A20B975429D1EBA400D6F27B /* User.swift in Sources */ = {isa = PBXBuildFile; fileRef = A20B975329D1EBA400D6F27B /* User.swift */; };
		A21EE9F829CCF6080020A3AF /* Constants.swift in Sources */ = {isa = PBXBuildFile; fileRef = A21EE9F729CCF6080020A3AF /* Constants.swift */; };
		A21F83C029CEF26F003E0117 /* CardView.swift in Sources */ = {isa = PBXBuildFile; fileRef = A21F83BF29CEF26F003E0117 /* CardView.swift */; };
		A2582A8429CCD29A00DFA823 /* AppDelegate.swift in Sources */ = {isa = PBXBuildFile; fileRef = A2582A8329CCD29A00DFA823 /* AppDelegate.swift */; };
		A2582A8629CCD29A00DFA823 /* SceneDelegate.swift in Sources */ = {isa = PBXBuildFile; fileRef = A2582A8529CCD29A00DFA823 /* SceneDelegate.swift */; };
		A2582A8829CCD29A00DFA823 /* HomeController.swift in Sources */ = {isa = PBXBuildFile; fileRef = A2582A8729CCD29A00DFA823 /* HomeController.swift */; };
		A2582A8D29CCD29B00DFA823 /* Assets.xcassets in Resources */ = {isa = PBXBuildFile; fileRef = A2582A8C29CCD29B00DFA823 /* Assets.xcassets */; };
		A2582A9029CCD29B00DFA823 /* LaunchScreen.storyboard in Resources */ = {isa = PBXBuildFile; fileRef = A2582A8E29CCD29B00DFA823 /* LaunchScreen.storyboard */; };
		A28CBF7729CCD7A500E5E505 /* Extensions+UIView.swift in Sources */ = {isa = PBXBuildFile; fileRef = A28CBF7629CCD7A500E5E505 /* Extensions+UIView.swift */; };
		A28CBF7A29CCE0AD00E5E505 /* HomeBottomControlsStackView.swift in Sources */ = {isa = PBXBuildFile; fileRef = A28CBF7929CCE0AD00E5E505 /* HomeBottomControlsStackView.swift */; };
		A28CBF7C29CCEB6E00E5E505 /* TopNavigationStackView.swift in Sources */ = {isa = PBXBuildFile; fileRef = A28CBF7B29CCEB6E00E5E505 /* TopNavigationStackView.swift */; };
/* End PBXBuildFile section */

/* Begin PBXFileReference section */
		A20B975329D1EBA400D6F27B /* User.swift */ = {isa = PBXFileReference; lastKnownFileType = sourcecode.swift; path = User.swift; sourceTree = "<group>"; };
		A21EE9F729CCF6080020A3AF /* Constants.swift */ = {isa = PBXFileReference; lastKnownFileType = sourcecode.swift; path = Constants.swift; sourceTree = "<group>"; };
		A21F83BF29CEF26F003E0117 /* CardView.swift */ = {isa = PBXFileReference; lastKnownFileType = sourcecode.swift; path = CardView.swift; sourceTree = "<group>"; };
		A2582A8029CCD29A00DFA823 /* Swipe&Match.app */ = {isa = PBXFileReference; explicitFileType = wrapper.application; includeInIndex = 0; path = "Swipe&Match.app"; sourceTree = BUILT_PRODUCTS_DIR; };
		A2582A8329CCD29A00DFA823 /* AppDelegate.swift */ = {isa = PBXFileReference; lastKnownFileType = sourcecode.swift; path = AppDelegate.swift; sourceTree = "<group>"; };
		A2582A8529CCD29A00DFA823 /* SceneDelegate.swift */ = {isa = PBXFileReference; lastKnownFileType = sourcecode.swift; path = SceneDelegate.swift; sourceTree = "<group>"; };
		A2582A8729CCD29A00DFA823 /* HomeController.swift */ = {isa = PBXFileReference; lastKnownFileType = sourcecode.swift; path = HomeController.swift; sourceTree = "<group>"; };
		A2582A8C29CCD29B00DFA823 /* Assets.xcassets */ = {isa = PBXFileReference; lastKnownFileType = folder.assetcatalog; path = Assets.xcassets; sourceTree = "<group>"; };
		A2582A8F29CCD29B00DFA823 /* Base */ = {isa = PBXFileReference; lastKnownFileType = file.storyboard; name = Base; path = Base.lproj/LaunchScreen.storyboard; sourceTree = "<group>"; };
		A2582A9129CCD29B00DFA823 /* Info.plist */ = {isa = PBXFileReference; lastKnownFileType = text.plist.xml; path = Info.plist; sourceTree = "<group>"; };
		A28CBF7629CCD7A500E5E505 /* Extensions+UIView.swift */ = {isa = PBXFileReference; fileEncoding = 4; lastKnownFileType = sourcecode.swift; path = "Extensions+UIView.swift"; sourceTree = "<group>"; };
		A28CBF7929CCE0AD00E5E505 /* HomeBottomControlsStackView.swift */ = {isa = PBXFileReference; lastKnownFileType = sourcecode.swift; path = HomeBottomControlsStackView.swift; sourceTree = "<group>"; };
		A28CBF7B29CCEB6E00E5E505 /* TopNavigationStackView.swift */ = {isa = PBXFileReference; lastKnownFileType = sourcecode.swift; path = TopNavigationStackView.swift; sourceTree = "<group>"; };
/* End PBXFileReference section */

/* Begin PBXFrameworksBuildPhase section */
		A2582A7D29CCD29A00DFA823 /* Frameworks */ = {
			isa = PBXFrameworksBuildPhase;
			buildActionMask = 2147483647;
			files = (
			);
			runOnlyForDeploymentPostprocessing = 0;
		};
/* End PBXFrameworksBuildPhase section */

/* Begin PBXGroup section */
		A20B975229D1EB9700D6F27B /* Model */ = {
			isa = PBXGroup;
			children = (
				A20B975329D1EBA400D6F27B /* User.swift */,
			);
			path = Model;
			sourceTree = "<group>";
		};
		A21EE9F529CCF5E80020A3AF /* Support */ = {
			isa = PBXGroup;
			children = (
				A2582A8C29CCD29B00DFA823 /* Assets.xcassets */,
				A2582A8329CCD29A00DFA823 /* AppDelegate.swift */,
				A2582A8529CCD29A00DFA823 /* SceneDelegate.swift */,
				A2582A8E29CCD29B00DFA823 /* LaunchScreen.storyboard */,
			);
			path = Support;
			sourceTree = "<group>";
		};
		A21EE9F629CCF5FB0020A3AF /* Utilities */ = {
			isa = PBXGroup;
			children = (
				A21EE9F729CCF6080020A3AF /* Constants.swift */,
			);
			path = Utilities;
			sourceTree = "<group>";
		};
		A2582A7729CCD29A00DFA823 = {
			isa = PBXGroup;
			children = (
				A2582A8229CCD29A00DFA823 /* Swipe&Match */,
				A2582A8129CCD29A00DFA823 /* Products */,
			);
			sourceTree = "<group>";
		};
		A2582A8129CCD29A00DFA823 /* Products */ = {
			isa = PBXGroup;
			children = (
				A2582A8029CCD29A00DFA823 /* Swipe&Match.app */,
			);
			name = Products;
			sourceTree = "<group>";
		};
		A2582A8229CCD29A00DFA823 /* Swipe&Match */ = {
			isa = PBXGroup;
			children = (
				A20B975229D1EB9700D6F27B /* Model */,
				A21EE9F629CCF5FB0020A3AF /* Utilities */,
				A21EE9F529CCF5E80020A3AF /* Support */,
				A28CBF7829CCE07600E5E505 /* Views */,
				A28CBF7529CCD70F00E5E505 /* Extensions */,
				A2582A8729CCD29A00DFA823 /* HomeController.swift */,
				A2582A9129CCD29B00DFA823 /* Info.plist */,
			);
			path = "Swipe&Match";
			sourceTree = "<group>";
		};
		A28CBF7529CCD70F00E5E505 /* Extensions */ = {
			isa = PBXGroup;
			children = (
				A28CBF7629CCD7A500E5E505 /* Extensions+UIView.swift */,
			);
			path = Extensions;
			sourceTree = "<group>";
		};
		A28CBF7829CCE07600E5E505 /* Views */ = {
			isa = PBXGroup;
			children = (
				A28CBF7929CCE0AD00E5E505 /* HomeBottomControlsStackView.swift */,
				A28CBF7B29CCEB6E00E5E505 /* TopNavigationStackView.swift */,
				A21F83BF29CEF26F003E0117 /* CardView.swift */,
			);
			path = Views;
			sourceTree = "<group>";
		};
/* End PBXGroup section */

/* Begin PBXNativeTarget section */
		A2582A7F29CCD29A00DFA823 /* Swipe&Match */ = {
			isa = PBXNativeTarget;
			buildConfigurationList = A2582A9429CCD29B00DFA823 /* Build configuration list for PBXNativeTarget "Swipe&Match" */;
			buildPhases = (
				A2582A7C29CCD29A00DFA823 /* Sources */,
				A2582A7D29CCD29A00DFA823 /* Frameworks */,
				A2582A7E29CCD29A00DFA823 /* Resources */,
			);
			buildRules = (
			);
			dependencies = (
			);
			name = "Swipe&Match";
			productName = "Swipe&Match";
			productReference = A2582A8029CCD29A00DFA823 /* Swipe&Match.app */;
			productType = "com.apple.product-type.application";
		};
/* End PBXNativeTarget section */

/* Begin PBXProject section */
		A2582A7829CCD29A00DFA823 /* Project object */ = {
			isa = PBXProject;
			attributes = {
				BuildIndependentTargetsInParallel = 1;
				LastSwiftUpdateCheck = 1420;
				LastUpgradeCheck = 1420;
				TargetAttributes = {
					A2582A7F29CCD29A00DFA823 = {
						CreatedOnToolsVersion = 14.2;
					};
				};
			};
			buildConfigurationList = A2582A7B29CCD29A00DFA823 /* Build configuration list for PBXProject "Swipe&Match" */;
			compatibilityVersion = "Xcode 14.0";
			developmentRegion = en;
			hasScannedForEncodings = 0;
			knownRegions = (
				en,
				Base,
			);
			mainGroup = A2582A7729CCD29A00DFA823;
			productRefGroup = A2582A8129CCD29A00DFA823 /* Products */;
			projectDirPath = "";
			projectRoot = "";
			targets = (
				A2582A7F29CCD29A00DFA823 /* Swipe&Match */,
			);
		};
/* End PBXProject section */

/* Begin PBXResourcesBuildPhase section */
		A2582A7E29CCD29A00DFA823 /* Resources */ = {
			isa = PBXResourcesBuildPhase;
			buildActionMask = 2147483647;
			files = (
				A2582A9029CCD29B00DFA823 /* LaunchScreen.storyboard in Resources */,
				A2582A8D29CCD29B00DFA823 /* Assets.xcassets in Resources */,
			);
			runOnlyForDeploymentPostprocessing = 0;
		};
/* End PBXResourcesBuildPhase section */

/* Begin PBXSourcesBuildPhase section */
		A2582A7C29CCD29A00DFA823 /* Sources */ = {
			isa = PBXSourcesBuildPhase;
			buildActionMask = 2147483647;
			files = (
				A2582A8829CCD29A00DFA823 /* HomeController.swift in Sources */,
				A2582A8429CCD29A00DFA823 /* AppDelegate.swift in Sources */,
				A28CBF7A29CCE0AD00E5E505 /* HomeBottomControlsStackView.swift in Sources */,
				A28CBF7C29CCEB6E00E5E505 /* TopNavigationStackView.swift in Sources */,
				A21EE9F829CCF6080020A3AF /* Constants.swift in Sources */,
				A20B975429D1EBA400D6F27B /* User.swift in Sources */,
				A28CBF7729CCD7A500E5E505 /* Extensions+UIView.swift in Sources */,
				A21F83C029CEF26F003E0117 /* CardView.swift in Sources */,
				A2582A8629CCD29A00DFA823 /* SceneDelegate.swift in Sources */,
			);
			runOnlyForDeploymentPostprocessing = 0;
		};
/* End PBXSourcesBuildPhase section */

/* Begin PBXVariantGroup section */
		A2582A8E29CCD29B00DFA823 /* LaunchScreen.storyboard */ = {
			isa = PBXVariantGroup;
			children = (
				A2582A8F29CCD29B00DFA823 /* Base */,
			);
			name = LaunchScreen.storyboard;
			sourceTree = "<group>";
		};
/* End PBXVariantGroup section */

/* Begin XCBuildConfiguration section */
		A2582A9229CCD29B00DFA823 /* Debug */ = {
			isa = XCBuildConfiguration;
			buildSettings = {
				ALWAYS_SEARCH_USER_PATHS = NO;
				CLANG_ANALYZER_NONNULL = YES;
				CLANG_ANALYZER_NUMBER_OBJECT_CONVERSION = YES_AGGRESSIVE;
				CLANG_CXX_LANGUAGE_STANDARD = "gnu++20";
				CLANG_ENABLE_MODULES = YES;
				CLANG_ENABLE_OBJC_ARC = YES;
				CLANG_ENABLE_OBJC_WEAK = YES;
				CLANG_WARN_BLOCK_CAPTURE_AUTORELEASING = YES;
				CLANG_WARN_BOOL_CONVERSION = YES;
				CLANG_WARN_COMMA = YES;
				CLANG_WARN_CONSTANT_CONVERSION = YES;
				CLANG_WARN_DEPRECATED_OBJC_IMPLEMENTATIONS = YES;
				CLANG_WARN_DIRECT_OBJC_ISA_USAGE = YES_ERROR;
				CLANG_WARN_DOCUMENTATION_COMMENTS = YES;
				CLANG_WARN_EMPTY_BODY = YES;
				CLANG_WARN_ENUM_CONVERSION = YES;
				CLANG_WARN_INFINITE_RECURSION = YES;
				CLANG_WARN_INT_CONVERSION = YES;
				CLANG_WARN_NON_LITERAL_NULL_CONVERSION = YES;
				CLANG_WARN_OBJC_IMPLICIT_RETAIN_SELF = YES;
				CLANG_WARN_OBJC_LITERAL_CONVERSION = YES;
				CLANG_WARN_OBJC_ROOT_CLASS = YES_ERROR;
				CLANG_WARN_QUOTED_INCLUDE_IN_FRAMEWORK_HEADER = YES;
				CLANG_WARN_RANGE_LOOP_ANALYSIS = YES;
				CLANG_WARN_STRICT_PROTOTYPES = YES;
				CLANG_WARN_SUSPICIOUS_MOVE = YES;
				CLANG_WARN_UNGUARDED_AVAILABILITY = YES_AGGRESSIVE;
				CLANG_WARN_UNREACHABLE_CODE = YES;
				CLANG_WARN__DUPLICATE_METHOD_MATCH = YES;
				COPY_PHASE_STRIP = NO;
				DEBUG_INFORMATION_FORMAT = dwarf;
				ENABLE_STRICT_OBJC_MSGSEND = YES;
				ENABLE_TESTABILITY = YES;
				GCC_C_LANGUAGE_STANDARD = gnu11;
				GCC_DYNAMIC_NO_PIC = NO;
				GCC_NO_COMMON_BLOCKS = YES;
				GCC_OPTIMIZATION_LEVEL = 0;
				GCC_PREPROCESSOR_DEFINITIONS = (
					"DEBUG=1",
					"$(inherited)",
				);
				GCC_WARN_64_TO_32_BIT_CONVERSION = YES;
				GCC_WARN_ABOUT_RETURN_TYPE = YES_ERROR;
				GCC_WARN_UNDECLARED_SELECTOR = YES;
				GCC_WARN_UNINITIALIZED_AUTOS = YES_AGGRESSIVE;
				GCC_WARN_UNUSED_FUNCTION = YES;
				GCC_WARN_UNUSED_VARIABLE = YES;
				IPHONEOS_DEPLOYMENT_TARGET = 16.2;
				MTL_ENABLE_DEBUG_INFO = INCLUDE_SOURCE;
				MTL_FAST_MATH = YES;
				ONLY_ACTIVE_ARCH = YES;
				SDKROOT = iphoneos;
				SWIFT_ACTIVE_COMPILATION_CONDITIONS = DEBUG;
				SWIFT_OPTIMIZATION_LEVEL = "-Onone";
			};
			name = Debug;
		};
		A2582A9329CCD29B00DFA823 /* Release */ = {
			isa = XCBuildConfiguration;
			buildSettings = {
				ALWAYS_SEARCH_USER_PATHS = NO;
				CLANG_ANALYZER_NONNULL = YES;
				CLANG_ANALYZER_NUMBER_OBJECT_CONVERSION = YES_AGGRESSIVE;
				CLANG_CXX_LANGUAGE_STANDARD = "gnu++20";
				CLANG_ENABLE_MODULES = YES;
				CLANG_ENABLE_OBJC_ARC = YES;
				CLANG_ENABLE_OBJC_WEAK = YES;
				CLANG_WARN_BLOCK_CAPTURE_AUTORELEASING = YES;
				CLANG_WARN_BOOL_CONVERSION = YES;
				CLANG_WARN_COMMA = YES;
				CLANG_WARN_CONSTANT_CONVERSION = YES;
				CLANG_WARN_DEPRECATED_OBJC_IMPLEMENTATIONS = YES;
				CLANG_WARN_DIRECT_OBJC_ISA_USAGE = YES_ERROR;
				CLANG_WARN_DOCUMENTATION_COMMENTS = YES;
				CLANG_WARN_EMPTY_BODY = YES;
				CLANG_WARN_ENUM_CONVERSION = YES;
				CLANG_WARN_INFINITE_RECURSION = YES;
				CLANG_WARN_INT_CONVERSION = YES;
				CLANG_WARN_NON_LITERAL_NULL_CONVERSION = YES;
				CLANG_WARN_OBJC_IMPLICIT_RETAIN_SELF = YES;
				CLANG_WARN_OBJC_LITERAL_CONVERSION = YES;
				CLANG_WARN_OBJC_ROOT_CLASS = YES_ERROR;
				CLANG_WARN_QUOTED_INCLUDE_IN_FRAMEWORK_HEADER = YES;
				CLANG_WARN_RANGE_LOOP_ANALYSIS = YES;
				CLANG_WARN_STRICT_PROTOTYPES = YES;
				CLANG_WARN_SUSPICIOUS_MOVE = YES;
				CLANG_WARN_UNGUARDED_AVAILABILITY = YES_AGGRESSIVE;
				CLANG_WARN_UNREACHABLE_CODE = YES;
				CLANG_WARN__DUPLICATE_METHOD_MATCH = YES;
				COPY_PHASE_STRIP = NO;
				DEBUG_INFORMATION_FORMAT = "dwarf-with-dsym";
				ENABLE_NS_ASSERTIONS = NO;
				ENABLE_STRICT_OBJC_MSGSEND = YES;
				GCC_C_LANGUAGE_STANDARD = gnu11;
				GCC_NO_COMMON_BLOCKS = YES;
				GCC_WARN_64_TO_32_BIT_CONVERSION = YES;
				GCC_WARN_ABOUT_RETURN_TYPE = YES_ERROR;
				GCC_WARN_UNDECLARED_SELECTOR = YES;
				GCC_WARN_UNINITIALIZED_AUTOS = YES_AGGRESSIVE;
				GCC_WARN_UNUSED_FUNCTION = YES;
				GCC_WARN_UNUSED_VARIABLE = YES;
				IPHONEOS_DEPLOYMENT_TARGET = 16.2;
				MTL_ENABLE_DEBUG_INFO = NO;
				MTL_FAST_MATH = YES;
				SDKROOT = iphoneos;
				SWIFT_COMPILATION_MODE = wholemodule;
				SWIFT_OPTIMIZATION_LEVEL = "-O";
				VALIDATE_PRODUCT = YES;
			};
			name = Release;
		};
		A2582A9529CCD29B00DFA823 /* Debug */ = {
			isa = XCBuildConfiguration;
			buildSettings = {
				ASSETCATALOG_COMPILER_APPICON_NAME = AppIcon;
				ASSETCATALOG_COMPILER_GLOBAL_ACCENT_COLOR_NAME = AccentColor;
				CODE_SIGN_STYLE = Automatic;
				CURRENT_PROJECT_VERSION = 1;
				DEVELOPMENT_TEAM = 79CS75S5DL;
				GENERATE_INFOPLIST_FILE = YES;
				INFOPLIST_FILE = "Swipe&Match/Info.plist";
				INFOPLIST_KEY_UIApplicationSupportsIndirectInputEvents = YES;
				INFOPLIST_KEY_UILaunchStoryboardName = LaunchScreen;
				INFOPLIST_KEY_UIMainStoryboardFile = "";
				INFOPLIST_KEY_UISupportedInterfaceOrientations_iPad = "UIInterfaceOrientationPortrait UIInterfaceOrientationPortraitUpsideDown UIInterfaceOrientationLandscapeLeft UIInterfaceOrientationLandscapeRight";
				INFOPLIST_KEY_UISupportedInterfaceOrientations_iPhone = "UIInterfaceOrientationPortrait UIInterfaceOrientationLandscapeLeft UIInterfaceOrientationLandscapeRight";
				IPHONEOS_DEPLOYMENT_TARGET = 13.0;
				LD_RUNPATH_SEARCH_PATHS = (
					"$(inherited)",
					"@executable_path/Frameworks",
				);
				MARKETING_VERSION = 1.0;
				PRODUCT_BUNDLE_IDENTIFIER = "com.celilcagataygedik.Swipe-Match";
				PRODUCT_NAME = "$(TARGET_NAME)";
				SUPPORTED_PLATFORMS = "iphoneos iphonesimulator";
				SUPPORTS_MACCATALYST = NO;
				SUPPORTS_MAC_DESIGNED_FOR_IPHONE_IPAD = NO;
				SWIFT_EMIT_LOC_STRINGS = YES;
				SWIFT_VERSION = 5.0;
				TARGETED_DEVICE_FAMILY = 1;
			};
			name = Debug;
		};
		A2582A9629CCD29B00DFA823 /* Release */ = {
			isa = XCBuildConfiguration;
			buildSettings = {
				ASSETCATALOG_COMPILER_APPICON_NAME = AppIcon;
				ASSETCATALOG_COMPILER_GLOBAL_ACCENT_COLOR_NAME = AccentColor;
				CODE_SIGN_STYLE = Automatic;
				CURRENT_PROJECT_VERSION = 1;
				DEVELOPMENT_TEAM = 79CS75S5DL;
				GENERATE_INFOPLIST_FILE = YES;
				INFOPLIST_FILE = "Swipe&Match/Info.plist";
				INFOPLIST_KEY_UIApplicationSupportsIndirectInputEvents = YES;
				INFOPLIST_KEY_UILaunchStoryboardName = LaunchScreen;
				INFOPLIST_KEY_UIMainStoryboardFile = "";
				INFOPLIST_KEY_UISupportedInterfaceOrientations_iPad = "UIInterfaceOrientationPortrait UIInterfaceOrientationPortraitUpsideDown UIInterfaceOrientationLandscapeLeft UIInterfaceOrientationLandscapeRight";
				INFOPLIST_KEY_UISupportedInterfaceOrientations_iPhone = "UIInterfaceOrientationPortrait UIInterfaceOrientationLandscapeLeft UIInterfaceOrientationLandscapeRight";
				IPHONEOS_DEPLOYMENT_TARGET = 13.0;
				LD_RUNPATH_SEARCH_PATHS = (
					"$(inherited)",
					"@executable_path/Frameworks",
				);
				MARKETING_VERSION = 1.0;
				PRODUCT_BUNDLE_IDENTIFIER = "com.celilcagataygedik.Swipe-Match";
				PRODUCT_NAME = "$(TARGET_NAME)";
				SUPPORTED_PLATFORMS = "iphoneos iphonesimulator";
				SUPPORTS_MACCATALYST = NO;
				SUPPORTS_MAC_DESIGNED_FOR_IPHONE_IPAD = NO;
				SWIFT_EMIT_LOC_STRINGS = YES;
				SWIFT_VERSION = 5.0;
				TARGETED_DEVICE_FAMILY = 1;
			};
			name = Release;
		};
/* End XCBuildConfiguration section */

/* Begin XCConfigurationList section */
		A2582A7B29CCD29A00DFA823 /* Build configuration list for PBXProject "Swipe&Match" */ = {
			isa = XCConfigurationList;
			buildConfigurations = (
				A2582A9229CCD29B00DFA823 /* Debug */,
				A2582A9329CCD29B00DFA823 /* Release */,
			);
			defaultConfigurationIsVisible = 0;
			defaultConfigurationName = Release;
		};
		A2582A9429CCD29B00DFA823 /* Build configuration list for PBXNativeTarget "Swipe&Match" */ = {
			isa = XCConfigurationList;
			buildConfigurations = (
				A2582A9529CCD29B00DFA823 /* Debug */,
				A2582A9629CCD29B00DFA823 /* Release */,
			);
			defaultConfigurationIsVisible = 0;
			defaultConfigurationName = Release;
		};
/* End XCConfigurationList section */
	};
	rootObject = A2582A7829CCD29A00DFA823 /* Project object */;
}
